
Microsoft Visual Studio Solution File, Format Version 12.00
# Visual Studio 15
VisualStudioVersion = 15.0.27130.2026
MinimumVisualStudioVersion = 10.0.40219.1
Project("{FAE04EC0-301F-11D3-BF4B-00C04F79EFBC}") = "XamarinApp.Android", "XamarinApp\XamarinApp.Android\XamarinApp.Android.csproj", "{514DF3DE-6860-4D43-992A-9F7AF961F6C5}"
EndProject
Project("{FAE04EC0-301F-11D3-BF4B-00C04F79EFBC}") = "XamarinApp.iOS", "XamarinApp\XamarinApp.iOS\XamarinApp.iOS.csproj", "{251AB1B4-C0C7-4EAB-A83E-0CBC44415C6A}"
EndProject
Project("{FAE04EC0-301F-11D3-BF4B-00C04F79EFBC}") = "XamarinApp", "XamarinApp\XamarinApp\XamarinApp.csproj", "{84EDA46D-A963-4EB4-9663-B352ADA0244F}"
EndProject
Global
	GlobalSection(SolutionConfigurationPlatforms) = preSolution
		Ad-Hoc|Any CPU = Ad-Hoc|Any CPU
		Ad-Hoc|iPhone = Ad-Hoc|iPhone
		Ad-Hoc|iPhoneSimulator = Ad-Hoc|iPhoneSimulator
		AppStore|Any CPU = AppStore|Any CPU
		AppStore|iPhone = AppStore|iPhone
		AppStore|iPhoneSimulator = AppStore|iPhoneSimulator
		Debug|Any CPU = Debug|Any CPU
		Debug|iPhone = Debug|iPhone
		Debug|iPhoneSimulator = Debug|iPhoneSimulator
		Release|Any CPU = Release|Any CPU
		Release|iPhone = Release|iPhone
		Release|iPhoneSimulator = Release|iPhoneSimulator
	EndGlobalSection
	GlobalSection(ProjectConfigurationPlatforms) = postSolution
		{514DF3DE-6860-4D43-992A-9F7AF961F6C5}.Ad-Hoc|Any CPU.ActiveCfg = Release|Any CPU
		{514DF3DE-6860-4D43-992A-9F7AF961F6C5}.Ad-Hoc|Any CPU.Build.0 = Release|Any CPU
		{514DF3DE-6860-4D43-992A-9F7AF961F6C5}.Ad-Hoc|Any CPU.Deploy.0 = Release|Any CPU
		{514DF3DE-6860-4D43-992A-9F7AF961F6C5}.Ad-Hoc|iPhone.ActiveCfg = Release|Any CPU
		{514DF3DE-6860-4D43-992A-9F7AF961F6C5}.Ad-Hoc|iPhone.Build.0 = Release|Any CPU
		{514DF3DE-6860-4D43-992A-9F7AF961F6C5}.Ad-Hoc|iPhone.Deploy.0 = Release|Any CPU
		{514DF3DE-6860-4D43-992A-9F7AF961F6C5}.Ad-Hoc|iPhoneSimulator.ActiveCfg = Release|Any CPU
		{514DF3DE-6860-4D43-992A-9F7AF961F6C5}.Ad-Hoc|iPhoneSimulator.Build.0 = Release|Any CPU
		{514DF3DE-6860-4D43-992A-9F7AF961F6C5}.Ad-Hoc|iPhoneSimulator.Deploy.0 = Release|Any CPU
		{514DF3DE-6860-4D43-992A-9F7AF961F6C5}.AppStore|Any CPU.ActiveCfg = Release|Any CPU
		{514DF3DE-6860-4D43-992A-9F7AF961F6C5}.AppStore|Any CPU.Build.0 = Release|Any CPU
		{514DF3DE-6860-4D43-992A-9F7AF961F6C5}.AppStore|Any CPU.Deploy.0 = Release|Any CPU
		{514DF3DE-6860-4D43-992A-9F7AF961F6C5}.AppStore|iPhone.ActiveCfg = Release|Any CPU
		{514DF3DE-6860-4D43-992A-9F7AF961F6C5}.AppStore|iPhone.Build.0 = Release|Any CPU
		{514DF3DE-6860-4D43-992A-9F7AF961F6C5}.AppStore|iPhone.Deploy.0 = Release|Any CPU
		{514DF3DE-6860-4D43-992A-9F7AF961F6C5}.AppStore|iPhoneSimulator.ActiveCfg = Release|Any CPU
		{514DF3DE-6860-4D43-992A-9F7AF961F6C5}.AppStore|iPhoneSimulator.Build.0 = Release|Any CPU
		{514DF3DE-6860-4D43-992A-9F7AF961F6C5}.AppStore|iPhoneSimulator.Deploy.0 = Release|Any CPU
		{514DF3DE-6860-4D43-992A-9F7AF961F6C5}.Debug|Any CPU.ActiveCfg = Debug|Any CPU
		{514DF3DE-6860-4D43-992A-9F7AF961F6C5}.Debug|Any CPU.Build.0 = Debug|Any CPU
		{514DF3DE-6860-4D43-992A-9F7AF961F6C5}.Debug|Any CPU.Deploy.0 = Debug|Any CPU
		{514DF3DE-6860-4D43-992A-9F7AF961F6C5}.Debug|iPhone.ActiveCfg = Debug|Any CPU
		{514DF3DE-6860-4D43-992A-9F7AF961F6C5}.Debug|iPhone.Build.0 = Debug|Any CPU
		{514DF3DE-6860-4D43-992A-9F7AF961F6C5}.Debug|iPhone.Deploy.0 = Debug|Any CPU
		{514DF3DE-6860-4D43-992A-9F7AF961F6C5}.Debug|iPhoneSimulator.ActiveCfg = Debug|Any CPU
		{514DF3DE-6860-4D43-992A-9F7AF961F6C5}.Debug|iPhoneSimulator.Build.0 = Debug|Any CPU
		{514DF3DE-6860-4D43-992A-9F7AF961F6C5}.Debug|iPhoneSimulator.Deploy.0 = Debug|Any CPU
		{514DF3DE-6860-4D43-992A-9F7AF961F6C5}.Release|Any CPU.ActiveCfg = Release|Any CPU
		{514DF3DE-6860-4D43-992A-9F7AF961F6C5}.Release|Any CPU.Build.0 = Release|Any CPU
		{514DF3DE-6860-4D43-992A-9F7AF961F6C5}.Release|Any CPU.Deploy.0 = Release|Any CPU
		{514DF3DE-6860-4D43-992A-9F7AF961F6C5}.Release|iPhone.ActiveCfg = Release|Any CPU
		{514DF3DE-6860-4D43-992A-9F7AF961F6C5}.Release|iPhone.Build.0 = Release|Any CPU
		{514DF3DE-6860-4D43-992A-9F7AF961F6C5}.Release|iPhone.Deploy.0 = Release|Any CPU
		{514DF3DE-6860-4D43-992A-9F7AF961F6C5}.Release|iPhoneSimulator.ActiveCfg = Release|Any CPU
		{514DF3DE-6860-4D43-992A-9F7AF961F6C5}.Release|iPhoneSimulator.Build.0 = Release|Any CPU
		{514DF3DE-6860-4D43-992A-9F7AF961F6C5}.Release|iPhoneSimulator.Deploy.0 = Release|Any CPU
		{251AB1B4-C0C7-4EAB-A83E-0CBC44415C6A}.Ad-Hoc|Any CPU.ActiveCfg = Ad-Hoc|iPhone
		{251AB1B4-C0C7-4EAB-A83E-0CBC44415C6A}.Ad-Hoc|iPhone.ActiveCfg = Ad-Hoc|iPhone
		{251AB1B4-C0C7-4EAB-A83E-0CBC44415C6A}.Ad-Hoc|iPhone.Build.0 = Ad-Hoc|iPhone
		{251AB1B4-C0C7-4EAB-A83E-0CBC44415C6A}.Ad-Hoc|iPhoneSimulator.ActiveCfg = Ad-Hoc|iPhoneSimulator
		{251AB1B4-C0C7-4EAB-A83E-0CBC44415C6A}.Ad-Hoc|iPhoneSimulator.Build.0 = Ad-Hoc|iPhoneSimulator
		{251AB1B4-C0C7-4EAB-A83E-0CBC44415C6A}.AppStore|Any CPU.ActiveCfg = AppStore|iPhone
		{251AB1B4-C0C7-4EAB-A83E-0CBC44415C6A}.AppStore|iPhone.ActiveCfg = AppStore|iPhone
		{251AB1B4-C0C7-4EAB-A83E-0CBC44415C6A}.AppStore|iPhone.Build.0 = AppStore|iPhone
		{251AB1B4-C0C7-4EAB-A83E-0CBC44415C6A}.AppStore|iPhoneSimulator.ActiveCfg = AppStore|iPhoneSimulator
		{251AB1B4-C0C7-4EAB-A83E-0CBC44415C6A}.AppStore|iPhoneSimulator.Build.0 = AppStore|iPhoneSimulator
		{251AB1B4-C0C7-4EAB-A83E-0CBC44415C6A}.Debug|Any CPU.ActiveCfg = Debug|iPhone
		{251AB1B4-C0C7-4EAB-A83E-0CBC44415C6A}.Debug|iPhone.ActiveCfg = Debug|iPhone
		{251AB1B4-C0C7-4EAB-A83E-0CBC44415C6A}.Debug|iPhone.Build.0 = Debug|iPhone
		{251AB1B4-C0C7-4EAB-A83E-0CBC44415C6A}.Debug|iPhoneSimulator.ActiveCfg = Debug|iPhoneSimulator
		{251AB1B4-C0C7-4EAB-A83E-0CBC44415C6A}.Debug|iPhoneSimulator.Build.0 = Debug|iPhoneSimulator
		{251AB1B4-C0C7-4EAB-A83E-0CBC44415C6A}.Release|Any CPU.ActiveCfg = Release|iPhone
		{251AB1B4-C0C7-4EAB-A83E-0CBC44415C6A}.Release|iPhone.ActiveCfg = Release|iPhone
		{251AB1B4-C0C7-4EAB-A83E-0CBC44415C6A}.Release|iPhone.Build.0 = Release|iPhone
		{251AB1B4-C0C7-4EAB-A83E-0CBC44415C6A}.Release|iPhoneSimulator.ActiveCfg = Release|iPhoneSimulator
		{251AB1B4-C0C7-4EAB-A83E-0CBC44415C6A}.Release|iPhoneSimulator.Build.0 = Release|iPhoneSimulator
		{84EDA46D-A963-4EB4-9663-B352ADA0244F}.Ad-Hoc|Any CPU.ActiveCfg = Debug|Any CPU
		{84EDA46D-A963-4EB4-9663-B352ADA0244F}.Ad-Hoc|Any CPU.Build.0 = Debug|Any CPU
		{84EDA46D-A963-4EB4-9663-B352ADA0244F}.Ad-Hoc|iPhone.ActiveCfg = Debug|Any CPU
		{84EDA46D-A963-4EB4-9663-B352ADA0244F}.Ad-Hoc|iPhone.Build.0 = Debug|Any CPU
		{84EDA46D-A963-4EB4-9663-B352ADA0244F}.Ad-Hoc|iPhoneSimulator.ActiveCfg = Debug|Any CPU
		{84EDA46D-A963-4EB4-9663-B352ADA0244F}.Ad-Hoc|iPhoneSimulator.Build.0 = Debug|Any CPU
		{84EDA46D-A963-4EB4-9663-B352ADA0244F}.AppStore|Any CPU.ActiveCfg = Debug|Any CPU
		{84EDA46D-A963-4EB4-9663-B352ADA0244F}.AppStore|Any CPU.Build.0 = Debug|Any CPU
		{84EDA46D-A963-4EB4-9663-B352ADA0244F}.AppStore|iPhone.ActiveCfg = Debug|Any CPU
		{84EDA46D-A963-4EB4-9663-B352ADA0244F}.AppStore|iPhone.Build.0 = Debug|Any CPU
		{84EDA46D-A963-4EB4-9663-B352ADA0244F}.AppStore|iPhoneSimulator.ActiveCfg = Debug|Any CPU
		{84EDA46D-A963-4EB4-9663-B352ADA0244F}.AppStore|iPhoneSimulator.Build.0 = Debug|Any CPU
		{84EDA46D-A963-4EB4-9663-B352ADA0244F}.Debug|Any CPU.ActiveCfg = Debug|Any CPU
		{84EDA46D-A963-4EB4-9663-B352ADA0244F}.Debug|Any CPU.Build.0 = Debug|Any CPU
		{84EDA46D-A963-4EB4-9663-B352ADA0244F}.Debug|iPhone.ActiveCfg = Debug|Any CPU
		{84EDA46D-A963-4EB4-9663-B352ADA0244F}.Debug|iPhone.Build.0 = Debug|Any CPU
		{84EDA46D-A963-4EB4-9663-B352ADA0244F}.Debug|iPhoneSimulator.ActiveCfg = Debug|Any CPU
		{84EDA46D-A963-4EB4-9663-B352ADA0244F}.Debug|iPhoneSimulator.Build.0 = Debug|Any CPU
		{84EDA46D-A963-4EB4-9663-B352ADA0244F}.Release|Any CPU.ActiveCfg = Release|Any CPU
		{84EDA46D-A963-4EB4-9663-B352ADA0244F}.Release|Any CPU.Build.0 = Release|Any CPU
		{84EDA46D-A963-4EB4-9663-B352ADA0244F}.Release|iPhone.ActiveCfg = Release|Any CPU
		{84EDA46D-A963-4EB4-9663-B352ADA0244F}.Release|iPhone.Build.0 = Release|Any CPU
		{84EDA46D-A963-4EB4-9663-B352ADA0244F}.Release|iPhoneSimulator.ActiveCfg = Release|Any CPU
		{84EDA46D-A963-4EB4-9663-B352ADA0244F}.Release|iPhoneSimulator.Build.0 = Release|Any CPU
	EndGlobalSection
	GlobalSection(SolutionProperties) = preSolution
		HideSolutionNode = FALSE
	EndGlobalSection
	GlobalSection(ExtensibilityGlobals) = postSolution
		SolutionGuid = {2AF2A8AD-B4F3-428C-9011-8EFFA7DDC1DF}
	EndGlobalSection
EndGlobal
